// !$*UTF8*$!
{
	archiveVersion = 1;
	classes = {
	};
	objectVersion = 77;
	objects = {

/* Begin PBXContainerItemProxy section */
		CBE659E52EA09A8A00CD7CCE /* PBXContainerItemProxy */ = {
			isa = PBXContainerItemProxy;
			containerPortal = CBE659CA2EA09A8800CD7CCE /* Project object */;
			proxyType = 1;
			remoteGlobalIDString = CBE659D12EA09A8800CD7CCE;
			remoteInfo = QualityControl;
		};
		CBE659EF2EA09A8A00CD7CCE /* PBXContainerItemProxy */ = {
			isa = PBXContainerItemProxy;
			containerPortal = CBE659CA2EA09A8800CD7CCE /* Project object */;
			proxyType = 1;
			remoteGlobalIDString = CBE659D12EA09A8800CD7CCE;
			remoteInfo = QualityControl;
		};
/* End PBXContainerItemProxy section */

/* Begin PBXFileReference section */
		CBE659D22EA09A8800CD7CCE /* QualityControl.app */ = {isa = PBXFileReference; explicitFileType = wrapper.application; includeInIndex = 0; path = QualityControl.app; sourceTree = BUILT_PRODUCTS_DIR; };
		CBE659E42EA09A8A00CD7CCE /* QualityControlTests.xctest */ = {isa = PBXFileReference; explicitFileType = wrapper.cfbundle; includeInIndex = 0; path = QualityControlTests.xctest; sourceTree = BUILT_PRODUCTS_DIR; };
		CBE659EE2EA09A8A00CD7CCE /* QualityControlUITests.xctest */ = {isa = PBXFileReference; explicitFileType = wrapper.cfbundle; includeInIndex = 0; path = QualityControlUITests.xctest; sourceTree = BUILT_PRODUCTS_DIR; };
/* End PBXFileReference section */

/* Begin PBXFileSystemSynchronizedBuildFileExceptionSet section */
		CBE65A022EA09D1900CD7CCE /* Exceptions for "QualityControl" folder in "QualityControl" target */ = {
			isa = PBXFileSystemSynchronizedBuildFileExceptionSet;
			membershipExceptions = (
				Info.plist,
			);
			target = CBE659D12EA09A8800CD7CCE /* QualityControl */;
		};
/* End PBXFileSystemSynchronizedBuildFileExceptionSet section */

/* Begin PBXFileSystemSynchronizedRootGroup section */
		CBE659D42EA09A8800CD7CCE /* QualityControl */ = {
			isa = PBXFileSystemSynchronizedRootGroup;
			exceptions = (
				CBE65A022EA09D1900CD7CCE /* Exceptions for "QualityControl" folder in "QualityControl" target */,
			);
			path = QualityControl;
			sourceTree = "<group>";
		};
		CBE659E72EA09A8A00CD7CCE /* QualityControlTests */ = {
			isa = PBXFileSystemSynchronizedRootGroup;
			path = QualityControlTests;
			sourceTree = "<group>";
		};
		CBE659F12EA09A8A00CD7CCE /* QualityControlUITests */ = {
			isa = PBXFileSystemSynchronizedRootGroup;
			path = QualityControlUITests;
			sourceTree = "<group>";
		};
/* End PBXFileSystemSynchronizedRootGroup section */

/* Begin PBXFrameworksBuildPhase section */
		CBE659CF2EA09A8800CD7CCE /* Frameworks */ = {
			isa = PBXFrameworksBuildPhase;
			buildActionMask = 2147483647;
			files = (
			);
			runOnlyForDeploymentPostprocessing = 0;
		};
		CBE659E12EA09A8A00CD7CCE /* Frameworks */ = {
			isa = PBXFrameworksBuildPhase;
			buildActionMask = 2147483647;
			files = (
			);
			runOnlyForDeploymentPostprocessing = 0;
		};
		CBE659EB2EA09A8A00CD7CCE /* Frameworks */ = {
			isa = PBXFrameworksBuildPhase;
			buildActionMask = 2147483647;
			files = (
			);
			runOnlyForDeploymentPostprocessing = 0;
		};
/* End PBXFrameworksBuildPhase section */

/* Begin PBXGroup section */
		CBE659C92EA09A8800CD7CCE = {
			isa = PBXGroup;
			children = (
				CBE659D42EA09A8800CD7CCE /* QualityControl */,
				CBE659E72EA09A8A00CD7CCE /* QualityControlTests */,
				CBE659F12EA09A8A00CD7CCE /* QualityControlUITests */,
				CBE659D32EA09A8800CD7CCE /* Products */,
			);
			sourceTree = "<group>";
		};
		CBE659D32EA09A8800CD7CCE /* Products */ = {
			isa = PBXGroup;
			children = (
				CBE659D22EA09A8800CD7CCE /* QualityControl.app */,
				CBE659E42EA09A8A00CD7CCE /* QualityControlTests.xctest */,
				CBE659EE2EA09A8A00CD7CCE /* QualityControlUITests.xctest */,
			);
			name = Products;
			sourceTree = "<group>";
		};
/* End PBXGroup section */

/* Begin PBXNativeTarget section */
		CBE659D12EA09A8800CD7CCE /* QualityControl */ = {
			isa = PBXNativeTarget;
			buildConfigurationList = CBE659F82EA09A8A00CD7CCE /* Build configuration list for PBXNativeTarget "QualityControl" */;
			buildPhases = (
				CBE659CE2EA09A8800CD7CCE /* Sources */,
				CBE659CF2EA09A8800CD7CCE /* Frameworks */,
				CBE659D02EA09A8800CD7CCE /* Resources */,
			);
			buildRules = (
			);
			dependencies = (
			);
			fileSystemSynchronizedGroups = (
				CBE659D42EA09A8800CD7CCE /* QualityControl */,
			);
			name = QualityControl;
			packageProductDependencies = (
			);
			productName = QualityControl;
			productReference = CBE659D22EA09A8800CD7CCE /* QualityControl.app */;
			productType = "com.apple.product-type.application";
		};
		CBE659E32EA09A8A00CD7CCE /* QualityControlTests */ = {
			isa = PBXNativeTarget;
			buildConfigurationList = CBE659FB2EA09A8A00CD7CCE /* Build configuration list for PBXNativeTarget "QualityControlTests" */;
			buildPhases = (
				CBE659E02EA09A8A00CD7CCE /* Sources */,
				CBE659E12EA09A8A00CD7CCE /* Frameworks */,
				CBE659E22EA09A8A00CD7CCE /* Resources */,
			);
			buildRules = (
			);
			dependencies = (
				CBE659E62EA09A8A00CD7CCE /* PBXTargetDependency */,
			);
			fileSystemSynchronizedGroups = (
				CBE659E72EA09A8A00CD7CCE /* QualityControlTests */,
			);
			name = QualityControlTests;
			packageProductDependencies = (
			);
			productName = QualityControlTests;
			productReference = CBE659E42EA09A8A00CD7CCE /* QualityControlTests.xctest */;
			productType = "com.apple.product-type.bundle.unit-test";
		};
		CBE659ED2EA09A8A00CD7CCE /* QualityControlUITests */ = {
			isa = PBXNativeTarget;
			buildConfigurationList = CBE659FE2EA09A8A00CD7CCE /* Build configuration list for PBXNativeTarget "QualityControlUITests" */;
			buildPhases = (
				CBE659EA2EA09A8A00CD7CCE /* Sources */,
				CBE659EB2EA09A8A00CD7CCE /* Frameworks */,
				CBE659EC2EA09A8A00CD7CCE /* Resources */,
			);
			buildRules = (
			);
			dependencies = (
				CBE659F02EA09A8A00CD7CCE /* PBXTargetDependency */,
			);
			fileSystemSynchronizedGroups = (
				CBE659F12EA09A8A00CD7CCE /* QualityControlUITests */,
			);
			name = QualityControlUITests;
			packageProductDependencies = (
			);
			productName = QualityControlUITests;
			productReference = CBE659EE2EA09A8A00CD7CCE /* QualityControlUITests.xctest */;
			productType = "com.apple.product-type.bundle.ui-testing";
		};
/* End PBXNativeTarget section */

/* Begin PBXProject section */
		CBE659CA2EA09A8800CD7CCE /* Project object */ = {
			isa = PBXProject;
			attributes = {
				BuildIndependentTargetsInParallel = 1;
				LastSwiftUpdateCheck = 1610;
				LastUpgradeCheck = 1610;
				TargetAttributes = {
					CBE659D12EA09A8800CD7CCE = {
						CreatedOnToolsVersion = 16.1;
					};
					CBE659E32EA09A8A00CD7CCE = {
						CreatedOnToolsVersion = 16.1;
						TestTargetID = CBE659D12EA09A8800CD7CCE;
					};
					CBE659ED2EA09A8A00CD7CCE = {
						CreatedOnToolsVersion = 16.1;
						TestTargetID = CBE659D12EA09A8800CD7CCE;
					};
				};
			};
			buildConfigurationList = CBE659CD2EA09A8800CD7CCE /* Build configuration list for PBXProject "QualityControl" */;
			developmentRegion = en;
			hasScannedForEncodings = 0;
			knownRegions = (
				en,
				Base,
			);
			mainGroup = CBE659C92EA09A8800CD7CCE;
			minimizedProjectReferenceProxies = 1;
			preferredProjectObjectVersion = 77;
			productRefGroup = CBE659D32EA09A8800CD7CCE /* Products */;
			projectDirPath = "";
			projectRoot = "";
			targets = (
				CBE659D12EA09A8800CD7CCE /* QualityControl */,
				CBE659E32EA09A8A00CD7CCE /* QualityControlTests */,
				CBE659ED2EA09A8A00CD7CCE /* QualityControlUITests */,
			);
		};
/* End PBXProject section */

/* Begin PBXResourcesBuildPhase section */
		CBE659D02EA09A8800CD7CCE /* Resources */ = {
			isa = PBXResourcesBuildPhase;
			buildActionMask = 2147483647;
			files = (
			);
			runOnlyForDeploymentPostprocessing = 0;
		};
		CBE659E22EA09A8A00CD7CCE /* Resources */ = {
			isa = PBXResourcesBuildPhase;
			buildActionMask = 2147483647;
			files = (
			);
			runOnlyForDeploymentPostprocessing = 0;
		};
		CBE659EC2EA09A8A00CD7CCE /* Resources */ = {
			isa = PBXResourcesBuildPhase;
			buildActionMask = 2147483647;
			files = (
			);
			runOnlyForDeploymentPostprocessing = 0;
		};
/* End PBXResourcesBuildPhase section */

/* Begin PBXSourcesBuildPhase section */
		CBE659CE2EA09A8800CD7CCE /* Sources */ = {
			isa = PBXSourcesBuildPhase;
			buildActionMask = 2147483647;
			files = (
			);
			runOnlyForDeploymentPostprocessing = 0;
		};
		CBE659E02EA09A8A00CD7CCE /* Sources */ = {
			isa = PBXSourcesBuildPhase;
			buildActionMask = 2147483647;
			files = (
			);
			runOnlyForDeploymentPostprocessing = 0;
		};
		CBE659EA2EA09A8A00CD7CCE /* Sources */ = {
			isa = PBXSourcesBuildPhase;
			buildActionMask = 2147483647;
			files = (
			);
			runOnlyForDeploymentPostprocessing = 0;
		};
/* End PBXSourcesBuildPhase section */

/* Begin PBXTargetDependency section */
		CBE659E62EA09A8A00CD7CCE /* PBXTargetDependency */ = {
			isa = PBXTargetDependency;
			target = CBE659D12EA09A8800CD7CCE /* QualityControl */;
			targetProxy = CBE659E52EA09A8A00CD7CCE /* PBXContainerItemProxy */;
		};
		CBE659F02EA09A8A00CD7CCE /* PBXTargetDependency */ = {
			isa = PBXTargetDependency;
			target = CBE659D12EA09A8800CD7CCE /* QualityControl */;
			targetProxy = CBE659EF2EA09A8A00CD7CCE /* PBXContainerItemProxy */;
		};
/* End PBXTargetDependency section */

/* Begin XCBuildConfiguration section */
		CBE659F62EA09A8A00CD7CCE /* Debug */ = {
			isa = XCBuildConfiguration;
			buildSettings = {
				ALWAYS_SEARCH_USER_PATHS = NO;
				ASSETCATALOG_COMPILER_GENERATE_SWIFT_ASSET_SYMBOL_EXTENSIONS = YES;
				CLANG_ANALYZER_NONNULL = YES;
				CLANG_ANALYZER_NUMBER_OBJECT_CONVERSION = YES_AGGRESSIVE;
				CLANG_CXX_LANGUAGE_STANDARD = "gnu++20";
				CLANG_ENABLE_MODULES = YES;
				CLANG_ENABLE_OBJC_ARC = YES;
				CLANG_ENABLE_OBJC_WEAK = YES;
				CLANG_WARN_BLOCK_CAPTURE_AUTORELEASING = YES;
				CLANG_WARN_BOOL_CONVERSION = YES;
				CLANG_WARN_COMMA = YES;
				CLANG_WARN_CONSTANT_CONVERSION = YES;
				CLANG_WARN_DEPRECATED_OBJC_IMPLEMENTATIONS = YES;
				CLANG_WARN_DIRECT_OBJC_ISA_USAGE = YES_ERROR;
				CLANG_WARN_DOCUMENTATION_COMMENTS = YES;
				CLANG_WARN_EMPTY_BODY = YES;
				CLANG_WARN_ENUM_CONVERSION = YES;
				CLANG_WARN_INFINITE_RECURSION = YES;
				CLANG_WARN_INT_CONVERSION = YES;
				CLANG_WARN_NON_LITERAL_NULL_CONVERSION = YES;
				CLANG_WARN_OBJC_IMPLICIT_RETAIN_SELF = YES;
				CLANG_WARN_OBJC_LITERAL_CONVERSION = YES;
				CLANG_WARN_OBJC_ROOT_CLASS = YES_ERROR;
				CLANG_WARN_QUOTED_INCLUDE_IN_FRAMEWORK_HEADER = YES;
				CLANG_WARN_RANGE_LOOP_ANALYSIS = YES;
				CLANG_WARN_STRICT_PROTOTYPES = YES;
				CLANG_WARN_SUSPICIOUS_MOVE = YES;
				CLANG_WARN_UNGUARDED_AVAILABILITY = YES_AGGRESSIVE;
				CLANG_WARN_UNREACHABLE_CODE = YES;
				CLANG_WARN__DUPLICATE_METHOD_MATCH = YES;
				COPY_PHASE_STRIP = NO;
				DEBUG_INFORMATION_FORMAT = dwarf;
				ENABLE_STRICT_OBJC_MSGSEND = YES;
				ENABLE_TESTABILITY = YES;
				ENABLE_USER_SCRIPT_SANDBOXING = YES;
				GCC_C_LANGUAGE_STANDARD = gnu17;
				GCC_DYNAMIC_NO_PIC = NO;
				GCC_NO_COMMON_BLOCKS = YES;
				GCC_OPTIMIZATION_LEVEL = 0;
				GCC_PREPROCESSOR_DEFINITIONS = (
					"DEBUG=1",
					"$(inherited)",
				);
				GCC_WARN_64_TO_32_BIT_CONVERSION = YES;
				GCC_WARN_ABOUT_RETURN_TYPE = YES_ERROR;
				GCC_WARN_UNDECLARED_SELECTOR = YES;
				GCC_WARN_UNINITIALIZED_AUTOS = YES_AGGRESSIVE;
				GCC_WARN_UNUSED_FUNCTION = YES;
				GCC_WARN_UNUSED_VARIABLE = YES;
				IPHONEOS_DEPLOYMENT_TARGET = 18.1;
				LOCALIZATION_PREFERS_STRING_CATALOGS = YES;
				MTL_ENABLE_DEBUG_INFO = INCLUDE_SOURCE;
				MTL_FAST_MATH = YES;
				ONLY_ACTIVE_ARCH = YES;
				SDKROOT = iphoneos;
				SWIFT_ACTIVE_COMPILATION_CONDITIONS = "DEBUG $(inherited)";
				SWIFT_OPTIMIZATION_LEVEL = "-Onone";
			};
			name = Debug;
		};
		CBE659F72EA09A8A00CD7CCE /* Release */ = {
			isa = XCBuildConfiguration;
			buildSettings = {
				ALWAYS_SEARCH_USER_PATHS = NO;
				ASSETCATALOG_COMPILER_GENERATE_SWIFT_ASSET_SYMBOL_EXTENSIONS = YES;
				CLANG_ANALYZER_NONNULL = YES;
				CLANG_ANALYZER_NUMBER_OBJECT_CONVERSION = YES_AGGRESSIVE;
				CLANG_CXX_LANGUAGE_STANDARD = "gnu++20";
				CLANG_ENABLE_MODULES = YES;
				CLANG_ENABLE_OBJC_ARC = YES;
				CLANG_ENABLE_OBJC_WEAK = YES;
				CLANG_WARN_BLOCK_CAPTURE_AUTORELEASING = YES;
				CLANG_WARN_BOOL_CONVERSION = YES;
				CLANG_WARN_COMMA = YES;
				CLANG_WARN_CONSTANT_CONVERSION = YES;
				CLANG_WARN_DEPRECATED_OBJC_IMPLEMENTATIONS = YES;
				CLANG_WARN_DIRECT_OBJC_ISA_USAGE = YES_ERROR;
				CLANG_WARN_DOCUMENTATION_COMMENTS = YES;
				CLANG_WARN_EMPTY_BODY = YES;
				CLANG_WARN_ENUM_CONVERSION = YES;
				CLANG_WARN_INFINITE_RECURSION = YES;
				CLANG_WARN_INT_CONVERSION = YES;
				CLANG_WARN_NON_LITERAL_NULL_CONVERSION = YES;
				CLANG_WARN_OBJC_IMPLICIT_RETAIN_SELF = YES;
				CLANG_WARN_OBJC_LITERAL_CONVERSION = YES;
				CLANG_WARN_OBJC_ROOT_CLASS = YES_ERROR;
				CLANG_WARN_QUOTED_INCLUDE_IN_FRAMEWORK_HEADER = YES;
				CLANG_WARN_RANGE_LOOP_ANALYSIS = YES;
				CLANG_WARN_STRICT_PROTOTYPES = YES;
				CLANG_WARN_SUSPICIOUS_MOVE = YES;
				CLANG_WARN_UNGUARDED_AVAILABILITY = YES_AGGRESSIVE;
				CLANG_WARN_UNREACHABLE_CODE = YES;
				CLANG_WARN__DUPLICATE_METHOD_MATCH = YES;
				COPY_PHASE_STRIP = NO;
				DEBUG_INFORMATION_FORMAT = "dwarf-with-dsym";
				ENABLE_NS_ASSERTIONS = NO;
				ENABLE_STRICT_OBJC_MSGSEND = YES;
				ENABLE_USER_SCRIPT_SANDBOXING = YES;
				GCC_C_LANGUAGE_STANDARD = gnu17;
				GCC_NO_COMMON_BLOCKS = YES;
				GCC_WARN_64_TO_32_BIT_CONVERSION = YES;
				GCC_WARN_ABOUT_RETURN_TYPE = YES_ERROR;
				GCC_WARN_UNDECLARED_SELECTOR = YES;
				GCC_WARN_UNINITIALIZED_AUTOS = YES_AGGRESSIVE;
				GCC_WARN_UNUSED_FUNCTION = YES;
				GCC_WARN_UNUSED_VARIABLE = YES;
				IPHONEOS_DEPLOYMENT_TARGET = 18.1;
				LOCALIZATION_PREFERS_STRING_CATALOGS = YES;
				MTL_ENABLE_DEBUG_INFO = NO;
				MTL_FAST_MATH = YES;
				SDKROOT = iphoneos;
				SWIFT_COMPILATION_MODE = wholemodule;
				VALIDATE_PRODUCT = YES;
			};
			name = Release;
		};
		CBE659F92EA09A8A00CD7CCE /* Debug */ = {
			isa = XCBuildConfiguration;
			buildSettings = {
				ASSETCATALOG_COMPILER_APPICON_NAME = AppIcon;
				ASSETCATALOG_COMPILER_GLOBAL_ACCENT_COLOR_NAME = AccentColor;
				CODE_SIGN_STYLE = Automatic;
				CURRENT_PROJECT_VERSION = 1;
				DEVELOPMENT_ASSET_PATHS = "\"QualityControl/Preview Content\"";
				DEVELOPMENT_TEAM = 4ZMCUYS3AQ;
				ENABLE_PREVIEWS = YES;
				GENERATE_INFOPLIST_FILE = YES;
				INFOPLIST_FILE = QualityControl/Info.plist;
				INFOPLIST_KEY_UIApplicationSceneManifest_Generation = YES;
				INFOPLIST_KEY_UIApplicationSupportsIndirectInputEvents = YES;
				INFOPLIST_KEY_UILaunchScreen_Generation = YES;
				INFOPLIST_KEY_UISupportedInterfaceOrientations_iPad = "UIInterfaceOrientationPortrait UIInterfaceOrientationPortraitUpsideDown UIInterfaceOrientationLandscapeLeft UIInterfaceOrientationLandscapeRight";
				INFOPLIST_KEY_UISupportedInterfaceOrientations_iPhone = "UIInterfaceOrientationPortrait UIInterfaceOrientationLandscapeLeft UIInterfaceOrientationLandscapeRight";
				LD_RUNPATH_SEARCH_PATHS = (
					"$(inherited)",
					"@executable_path/Frameworks",
				);
				MARKETING_VERSION = 1.0;
				PRODUCT_BUNDLE_IDENTIFIER = com.neonwatty.QualityControl;
				PRODUCT_NAME = "$(TARGET_NAME)";
				SUPPORTED_PLATFORMS = "iphoneos iphonesimulator";
				SUPPORTS_MACCATALYST = NO;
				SUPPORTS_MAC_DESIGNED_FOR_IPHONE_IPAD = NO;
				SUPPORTS_XR_DESIGNED_FOR_IPHONE_IPAD = NO;
				SWIFT_EMIT_LOC_STRINGS = YES;
				SWIFT_VERSION = 5.0;
				TARGETED_DEVICE_FAMILY = 1;
			};
			name = Debug;
		};
		CBE659FA2EA09A8A00CD7CCE /* Release */ = {
			isa = XCBuildConfiguration;
			buildSettings = {
				ASSETCATALOG_COMPILER_APPICON_NAME = AppIcon;
				ASSETCATALOG_COMPILER_GLOBAL_ACCENT_COLOR_NAME = AccentColor;
				CODE_SIGN_STYLE = Automatic;
				CURRENT_PROJECT_VERSION = 1;
				DEVELOPMENT_ASSET_PATHS = "\"QualityControl/Preview Content\"";
				DEVELOPMENT_TEAM = 4ZMCUYS3AQ;
				ENABLE_PREVIEWS = YES;
				GENERATE_INFOPLIST_FILE = YES;
				INFOPLIST_FILE = QualityControl/Info.plist;
				INFOPLIST_KEY_UIApplicationSceneManifest_Generation = YES;
				INFOPLIST_KEY_UIApplicationSupportsIndirectInputEvents = YES;
				INFOPLIST_KEY_UILaunchScreen_Generation = YES;
				INFOPLIST_KEY_UISupportedInterfaceOrientations_iPad = "UIInterfaceOrientationPortrait UIInterfaceOrientationPortraitUpsideDown UIInterfaceOrientationLandscapeLeft UIInterfaceOrientationLandscapeRight";
				INFOPLIST_KEY_UISupportedInterfaceOrientations_iPhone = "UIInterfaceOrientationPortrait UIInterfaceOrientationLandscapeLeft UIInterfaceOrientationLandscapeRight";
				LD_RUNPATH_SEARCH_PATHS = (
					"$(inherited)",
					"@executable_path/Frameworks",
				);
				MARKETING_VERSION = 1.0;
				PRODUCT_BUNDLE_IDENTIFIER = com.neonwatty.QualityControl;
				PRODUCT_NAME = "$(TARGET_NAME)";
				SUPPORTED_PLATFORMS = "iphoneos iphonesimulator";
				SUPPORTS_MACCATALYST = NO;
				SUPPORTS_MAC_DESIGNED_FOR_IPHONE_IPAD = NO;
				SUPPORTS_XR_DESIGNED_FOR_IPHONE_IPAD = NO;
				SWIFT_EMIT_LOC_STRINGS = YES;
				SWIFT_VERSION = 5.0;
				TARGETED_DEVICE_FAMILY = 1;
			};
			name = Release;
		};
		CBE659FC2EA09A8A00CD7CCE /* Debug */ = {
			isa = XCBuildConfiguration;
			buildSettings = {
				BUNDLE_LOADER = "$(TEST_HOST)";
				CODE_SIGN_STYLE = Automatic;
				CURRENT_PROJECT_VERSION = 1;
				DEVELOPMENT_TEAM = 4ZMCUYS3AQ;
				GENERATE_INFOPLIST_FILE = YES;
				IPHONEOS_DEPLOYMENT_TARGET = 18.1;
				MARKETING_VERSION = 1.0;
				PRODUCT_BUNDLE_IDENTIFIER = com.neonwatty.QualityControlTests;
				PRODUCT_NAME = "$(TARGET_NAME)";
				SWIFT_EMIT_LOC_STRINGS = NO;
				SWIFT_VERSION = 5.0;
				TARGETED_DEVICE_FAMILY = "1,2";
				TEST_HOST = "$(BUILT_PRODUCTS_DIR)/QualityControl.app/$(BUNDLE_EXECUTABLE_FOLDER_PATH)/QualityControl";
			};
			name = Debug;
		};
		CBE659FD2EA09A8A00CD7CCE /* Release */ = {
			isa = XCBuildConfiguration;
			buildSettings = {
				BUNDLE_LOADER = "$(TEST_HOST)";
				CODE_SIGN_STYLE = Automatic;
				CURRENT_PROJECT_VERSION = 1;
				DEVELOPMENT_TEAM = 4ZMCUYS3AQ;
				GENERATE_INFOPLIST_FILE = YES;
				IPHONEOS_DEPLOYMENT_TARGET = 18.1;
				MARKETING_VERSION = 1.0;
				PRODUCT_BUNDLE_IDENTIFIER = com.neonwatty.QualityControlTests;
				PRODUCT_NAME = "$(TARGET_NAME)";
				SWIFT_EMIT_LOC_STRINGS = NO;
				SWIFT_VERSION = 5.0;
				TARGETED_DEVICE_FAMILY = "1,2";
				TEST_HOST = "$(BUILT_PRODUCTS_DIR)/QualityControl.app/$(BUNDLE_EXECUTABLE_FOLDER_PATH)/QualityControl";
			};
			name = Release;
		};
		CBE659FF2EA09A8A00CD7CCE /* Debug */ = {
			isa = XCBuildConfiguration;
			buildSettings = {
				CODE_SIGN_STYLE = Automatic;
				CURRENT_PROJECT_VERSION = 1;
				DEVELOPMENT_TEAM = 4ZMCUYS3AQ;
				GENERATE_INFOPLIST_FILE = YES;
				MARKETING_VERSION = 1.0;
				PRODUCT_BUNDLE_IDENTIFIER = com.neonwatty.QualityControlUITests;
				PRODUCT_NAME = "$(TARGET_NAME)";
				SWIFT_EMIT_LOC_STRINGS = NO;
				SWIFT_VERSION = 5.0;
				TARGETED_DEVICE_FAMILY = "1,2";
				TEST_TARGET_NAME = QualityControl;
			};
			name = Debug;
		};
		CBE65A002EA09A8A00CD7CCE /* Release */ = {
			isa = XCBuildConfiguration;
			buildSettings = {
				CODE_SIGN_STYLE = Automatic;
				CURRENT_PROJECT_VERSION = 1;
				DEVELOPMENT_TEAM = 4ZMCUYS3AQ;
				GENERATE_INFOPLIST_FILE = YES;
				MARKETING_VERSION = 1.0;
				PRODUCT_BUNDLE_IDENTIFIER = com.neonwatty.QualityControlUITests;
				PRODUCT_NAME = "$(TARGET_NAME)";
				SWIFT_EMIT_LOC_STRINGS = NO;
				SWIFT_VERSION = 5.0;
				TARGETED_DEVICE_FAMILY = "1,2";
				TEST_TARGET_NAME = QualityControl;
			};
			name = Release;
		};
/* End XCBuildConfiguration section */

/* Begin XCConfigurationList section */
		CBE659CD2EA09A8800CD7CCE /* Build configuration list for PBXProject "QualityControl" */ = {
			isa = XCConfigurationList;
			buildConfigurations = (
				CBE659F62EA09A8A00CD7CCE /* Debug */,
				CBE659F72EA09A8A00CD7CCE /* Release */,
			);
			defaultConfigurationIsVisible = 0;
			defaultConfigurationName = Release;
		};
		CBE659F82EA09A8A00CD7CCE /* Build configuration list for PBXNativeTarget "QualityControl" */ = {
			isa = XCConfigurationList;
			buildConfigurations = (
				CBE659F92EA09A8A00CD7CCE /* Debug */,
				CBE659FA2EA09A8A00CD7CCE /* Release */,
			);
			defaultConfigurationIsVisible = 0;
			defaultConfigurationName = Release;
		};
		CBE659FB2EA09A8A00CD7CCE /* Build configuration list for PBXNativeTarget "QualityControlTests" */ = {
			isa = XCConfigurationList;
			buildConfigurations = (
				CBE659FC2EA09A8A00CD7CCE /* Debug */,
				CBE659FD2EA09A8A00CD7CCE /* Release */,
			);
			defaultConfigurationIsVisible = 0;
			defaultConfigurationName = Release;
		};
		CBE659FE2EA09A8A00CD7CCE /* Build configuration list for PBXNativeTarget "QualityControlUITests" */ = {
			isa = XCConfigurationList;
			buildConfigurations = (
				CBE659FF2EA09A8A00CD7CCE /* Debug */,
				CBE65A002EA09A8A00CD7CCE /* Release */,
			);
			defaultConfigurationIsVisible = 0;
			defaultConfigurationName = Release;
		};
/* End XCConfigurationList section */
	};
	rootObject = CBE659CA2EA09A8800CD7CCE /* Project object */;
}
